{
  "originHash" : "96e1e7ae419b94f05a013d662e66ddf91c7e042d7eee4d2ad00dc7b8f1b79d0a",
  "pins" : [
    {
      "identity" : "combinecocoa",
      "kind" : "remoteSourceControl",
      "location" : "https://github.com/CombineCommunity/CombineCocoa",
      "state" : {
        "revision" : "7300c75ff9e072aa7fd0fccefcc88f74aae9bf56",
        "version" : "0.4.1"
      }
    },
    {
      "identity" : "keychain-swift",
      "kind" : "remoteSourceControl",
      "location" : "https://github.com/evgenyneu/keychain-swift",
      "state" : {
        "revision" : "5e1b02b6a9dac2a759a1d5dbc175c86bd192a608",
        "version" : "24.0.0"
      }
    }
  ],
  "version" : 3
}
